// !$*UTF8*$!
{
	archiveVersion = 1;
	classes = {
	};
	objectVersion = 50;
	objects = {

/* Begin PBXBuildFile section */
		64066F3D26AD5B2D0055EBF2 /* MovieNetworkManager.swift in Sources */ = {isa = PBXBuildFile; fileRef = 64066F3C26AD5B2D0055EBF2 /* MovieNetworkManager.swift */; };
		64066F4626AD5BF10055EBF2 /* NetworkService+Enums.swift in Sources */ = {isa = PBXBuildFile; fileRef = 64066F4526AD5BF10055EBF2 /* NetworkService+Enums.swift */; };
		64066F4B26AD5D9E0055EBF2 /* NetworkService+Protocols.swift in Sources */ = {isa = PBXBuildFile; fileRef = 64066F4A26AD5D9E0055EBF2 /* NetworkService+Protocols.swift */; };
		64066F5026AD5DD20055EBF2 /* NetworkService+Typealias.swift in Sources */ = {isa = PBXBuildFile; fileRef = 64066F4F26AD5DD20055EBF2 /* NetworkService+Typealias.swift */; };
		64066F5C26AD5E8F0055EBF2 /* URLParameterEncoder.swift in Sources */ = {isa = PBXBuildFile; fileRef = 64066F5B26AD5E8F0055EBF2 /* URLParameterEncoder.swift */; };
		64066F6126AD5EAA0055EBF2 /* JSONParameterEncoder.swift in Sources */ = {isa = PBXBuildFile; fileRef = 64066F6026AD5EAA0055EBF2 /* JSONParameterEncoder.swift */; };
		64066F6726AD60010055EBF2 /* NetworkRouter.swift in Sources */ = {isa = PBXBuildFile; fileRef = 64066F6626AD60010055EBF2 /* NetworkRouter.swift */; };
		6413398026AD4C9C00349C89 /* DetailMoviePresenter.swift in Sources */ = {isa = PBXBuildFile; fileRef = 6413397F26AD4C9C00349C89 /* DetailMoviePresenter.swift */; };
		641543FA26AF6ADA00E8DC2A /* BaseViewControllerProtocol.swift in Sources */ = {isa = PBXBuildFile; fileRef = 641543F926AF6ADA00E8DC2A /* BaseViewControllerProtocol.swift */; };
		6420A31D26AF6E6900260B31 /* CardCellAsserts.xcassets in Resources */ = {isa = PBXBuildFile; fileRef = 6420A31626AF6E6900260B31 /* CardCellAsserts.xcassets */; };
		6420A31E26AF6E6900260B31 /* CardViewCell.swift in Sources */ = {isa = PBXBuildFile; fileRef = 6420A31726AF6E6900260B31 /* CardViewCell.swift */; };
		6420A31F26AF6E6900260B31 /* CardViewModel.swift in Sources */ = {isa = PBXBuildFile; fileRef = 6420A31926AF6E6900260B31 /* CardViewModel.swift */; };
		6420A32026AF6E6900260B31 /* CardViewWithRatingModel.swift in Sources */ = {isa = PBXBuildFile; fileRef = 6420A31A26AF6E6900260B31 /* CardViewWithRatingModel.swift */; };
		6420A32126AF6E6900260B31 /* CardViewWithRatingCell.swift in Sources */ = {isa = PBXBuildFile; fileRef = 6420A31B26AF6E6900260B31 /* CardViewWithRatingCell.swift */; };
		644BEE9F26AE2B8F00C06CBC /* Credits.swift in Sources */ = {isa = PBXBuildFile; fileRef = 644BEE9E26AE2B8F00C06CBC /* Credits.swift */; };
		644BEEA426AE2BA900C06CBC /* MovieApiResponse.swift in Sources */ = {isa = PBXBuildFile; fileRef = 644BEEA326AE2BA900C06CBC /* MovieApiResponse.swift */; };
		645133C326AC21B300D2BC56 /* RatingView.swift in Sources */ = {isa = PBXBuildFile; fileRef = 645133C226AC21B300D2BC56 /* RatingView.swift */; };
		6464346426AC182200A9806F /* IdentifiableClass.swift in Sources */ = {isa = PBXBuildFile; fileRef = 6464346326AC182200A9806F /* IdentifiableClass.swift */; };
		6464A6DF26AFD73700ABFE8C /* MovieNetworkSettings.swift in Sources */ = {isa = PBXBuildFile; fileRef = 6464A6DE26AFD73700ABFE8C /* MovieNetworkSettings.swift */; };
		647A57E026ACA47E0024EA11 /* DetailMovieViewController.swift in Sources */ = {isa = PBXBuildFile; fileRef = 647A57DF26ACA47E0024EA11 /* DetailMovieViewController.swift */; };
		6487E44C26AC058000955119 /* AppDelegate.swift in Sources */ = {isa = PBXBuildFile; fileRef = 6487E44B26AC058000955119 /* AppDelegate.swift */; };
		6487E45026AC058000955119 /* MoviesViewController.swift in Sources */ = {isa = PBXBuildFile; fileRef = 6487E44F26AC058000955119 /* MoviesViewController.swift */; };
		6487E45526AC058200955119 /* Assets.xcassets in Resources */ = {isa = PBXBuildFile; fileRef = 6487E45426AC058200955119 /* Assets.xcassets */; };
		6487E45826AC058200955119 /* LaunchScreen.storyboard in Resources */ = {isa = PBXBuildFile; fileRef = 6487E45626AC058200955119 /* LaunchScreen.storyboard */; };
		6487E46326AC058300955119 /* SearchMoviesTests.swift in Sources */ = {isa = PBXBuildFile; fileRef = 6487E46226AC058300955119 /* SearchMoviesTests.swift */; };
		6487E46E26AC058300955119 /* SearchMoviesUITests.swift in Sources */ = {isa = PBXBuildFile; fileRef = 6487E46D26AC058300955119 /* SearchMoviesUITests.swift */; };
		64929DA826ADEF8D00C3940B /* HandleResponse.swift in Sources */ = {isa = PBXBuildFile; fileRef = 64929DA726ADEF8D00C3940B /* HandleResponse.swift */; };
		64929DAD26ADEFFD00C3940B /* PosterNetworkManager.swift in Sources */ = {isa = PBXBuildFile; fileRef = 64929DAC26ADEFFD00C3940B /* PosterNetworkManager.swift */; };
		64929DB926ADF0FA00C3940B /* PosterEndPoint.swift in Sources */ = {isa = PBXBuildFile; fileRef = 64929DB826ADF0FA00C3940B /* PosterEndPoint.swift */; };
		64D2EFD026AC71330045521B /* MovieBuilder.swift in Sources */ = {isa = PBXBuildFile; fileRef = 64D2EFCF26AC71330045521B /* MovieBuilder.swift */; };
		64D2EFD526AC73650045521B /* MoviesPresenter.swift in Sources */ = {isa = PBXBuildFile; fileRef = 64D2EFD426AC73650045521B /* MoviesPresenter.swift */; };
		64D7300D26ADD2E300A82A8F /* Movie.swift in Sources */ = {isa = PBXBuildFile; fileRef = 64D7300C26ADD2E200A82A8F /* Movie.swift */; };
		64DD439626ADCB570031F1A0 /* MovieEndPoint.swift in Sources */ = {isa = PBXBuildFile; fileRef = 64DD439526ADCB570031F1A0 /* MovieEndPoint.swift */; };
/* End PBXBuildFile section */

/* Begin PBXContainerItemProxy section */
		6487E45F26AC058300955119 /* PBXContainerItemProxy */ = {
			isa = PBXContainerItemProxy;
			containerPortal = 6487E44026AC058000955119 /* Project object */;
			proxyType = 1;
			remoteGlobalIDString = 6487E44726AC058000955119;
			remoteInfo = SearchMovies;
		};
		6487E46A26AC058300955119 /* PBXContainerItemProxy */ = {
			isa = PBXContainerItemProxy;
			containerPortal = 6487E44026AC058000955119 /* Project object */;
			proxyType = 1;
			remoteGlobalIDString = 6487E44726AC058000955119;
			remoteInfo = SearchMovies;
		};
/* End PBXContainerItemProxy section */

/* Begin PBXFileReference section */
		64066F3C26AD5B2D0055EBF2 /* MovieNetworkManager.swift */ = {isa = PBXFileReference; lastKnownFileType = sourcecode.swift; path = MovieNetworkManager.swift; sourceTree = "<group>"; };
		64066F4526AD5BF10055EBF2 /* NetworkService+Enums.swift */ = {isa = PBXFileReference; lastKnownFileType = sourcecode.swift; path = "NetworkService+Enums.swift"; sourceTree = "<group>"; };
		64066F4A26AD5D9E0055EBF2 /* NetworkService+Protocols.swift */ = {isa = PBXFileReference; lastKnownFileType = sourcecode.swift; path = "NetworkService+Protocols.swift"; sourceTree = "<group>"; };
		64066F4F26AD5DD20055EBF2 /* NetworkService+Typealias.swift */ = {isa = PBXFileReference; lastKnownFileType = sourcecode.swift; path = "NetworkService+Typealias.swift"; sourceTree = "<group>"; };
		64066F5B26AD5E8F0055EBF2 /* URLParameterEncoder.swift */ = {isa = PBXFileReference; lastKnownFileType = sourcecode.swift; path = URLParameterEncoder.swift; sourceTree = "<group>"; };
		64066F6026AD5EAA0055EBF2 /* JSONParameterEncoder.swift */ = {isa = PBXFileReference; lastKnownFileType = sourcecode.swift; path = JSONParameterEncoder.swift; sourceTree = "<group>"; };
		64066F6626AD60010055EBF2 /* NetworkRouter.swift */ = {isa = PBXFileReference; lastKnownFileType = sourcecode.swift; path = NetworkRouter.swift; sourceTree = "<group>"; };
		6413397F26AD4C9C00349C89 /* DetailMoviePresenter.swift */ = {isa = PBXFileReference; lastKnownFileType = sourcecode.swift; path = DetailMoviePresenter.swift; sourceTree = "<group>"; };
		641543F926AF6ADA00E8DC2A /* BaseViewControllerProtocol.swift */ = {isa = PBXFileReference; lastKnownFileType = sourcecode.swift; path = BaseViewControllerProtocol.swift; sourceTree = "<group>"; };
		6420A31626AF6E6900260B31 /* CardCellAsserts.xcassets */ = {isa = PBXFileReference; lastKnownFileType = folder.assetcatalog; path = CardCellAsserts.xcassets; sourceTree = "<group>"; };
		6420A31726AF6E6900260B31 /* CardViewCell.swift */ = {isa = PBXFileReference; fileEncoding = 4; lastKnownFileType = sourcecode.swift; path = CardViewCell.swift; sourceTree = "<group>"; };
		6420A31926AF6E6900260B31 /* CardViewModel.swift */ = {isa = PBXFileReference; fileEncoding = 4; lastKnownFileType = sourcecode.swift; path = CardViewModel.swift; sourceTree = "<group>"; };
		6420A31A26AF6E6900260B31 /* CardViewWithRatingModel.swift */ = {isa = PBXFileReference; fileEncoding = 4; lastKnownFileType = sourcecode.swift; path = CardViewWithRatingModel.swift; sourceTree = "<group>"; };
		6420A31B26AF6E6900260B31 /* CardViewWithRatingCell.swift */ = {isa = PBXFileReference; fileEncoding = 4; lastKnownFileType = sourcecode.swift; path = CardViewWithRatingCell.swift; sourceTree = "<group>"; };
		644BEE9E26AE2B8F00C06CBC /* Credits.swift */ = {isa = PBXFileReference; lastKnownFileType = sourcecode.swift; path = Credits.swift; sourceTree = "<group>"; };
		644BEEA326AE2BA900C06CBC /* MovieApiResponse.swift */ = {isa = PBXFileReference; lastKnownFileType = sourcecode.swift; path = MovieApiResponse.swift; sourceTree = "<group>"; };
		645133C226AC21B300D2BC56 /* RatingView.swift */ = {isa = PBXFileReference; lastKnownFileType = sourcecode.swift; path = RatingView.swift; sourceTree = "<group>"; };
		6464346326AC182200A9806F /* IdentifiableClass.swift */ = {isa = PBXFileReference; lastKnownFileType = sourcecode.swift; path = IdentifiableClass.swift; sourceTree = "<group>"; };
		6464A6DE26AFD73700ABFE8C /* MovieNetworkSettings.swift */ = {isa = PBXFileReference; lastKnownFileType = sourcecode.swift; path = MovieNetworkSettings.swift; sourceTree = "<group>"; };
		647A57DF26ACA47E0024EA11 /* DetailMovieViewController.swift */ = {isa = PBXFileReference; lastKnownFileType = sourcecode.swift; path = DetailMovieViewController.swift; sourceTree = "<group>"; };
		6487E44826AC058000955119 /* SearchMovies.app */ = {isa = PBXFileReference; explicitFileType = wrapper.application; includeInIndex = 0; path = SearchMovies.app; sourceTree = BUILT_PRODUCTS_DIR; };
		6487E44B26AC058000955119 /* AppDelegate.swift */ = {isa = PBXFileReference; lastKnownFileType = sourcecode.swift; path = AppDelegate.swift; sourceTree = "<group>"; };
		6487E44F26AC058000955119 /* MoviesViewController.swift */ = {isa = PBXFileReference; lastKnownFileType = sourcecode.swift; path = MoviesViewController.swift; sourceTree = "<group>"; };
		6487E45426AC058200955119 /* Assets.xcassets */ = {isa = PBXFileReference; lastKnownFileType = folder.assetcatalog; path = Assets.xcassets; sourceTree = "<group>"; };
		6487E45726AC058200955119 /* Base */ = {isa = PBXFileReference; lastKnownFileType = file.storyboard; name = Base; path = Base.lproj/LaunchScreen.storyboard; sourceTree = "<group>"; };
		6487E45926AC058200955119 /* Info.plist */ = {isa = PBXFileReference; lastKnownFileType = text.plist.xml; name = Info.plist; path = "SearchMovies/AppDelegate/Support Files/Info.plist"; sourceTree = SOURCE_ROOT; };
		6487E45E26AC058300955119 /* SearchMoviesTests.xctest */ = {isa = PBXFileReference; explicitFileType = wrapper.cfbundle; includeInIndex = 0; path = SearchMoviesTests.xctest; sourceTree = BUILT_PRODUCTS_DIR; };
		6487E46226AC058300955119 /* SearchMoviesTests.swift */ = {isa = PBXFileReference; lastKnownFileType = sourcecode.swift; path = SearchMoviesTests.swift; sourceTree = "<group>"; };
		6487E46426AC058300955119 /* Info.plist */ = {isa = PBXFileReference; lastKnownFileType = text.plist.xml; path = Info.plist; sourceTree = "<group>"; };
		6487E46926AC058300955119 /* SearchMoviesUITests.xctest */ = {isa = PBXFileReference; explicitFileType = wrapper.cfbundle; includeInIndex = 0; path = SearchMoviesUITests.xctest; sourceTree = BUILT_PRODUCTS_DIR; };
		6487E46D26AC058300955119 /* SearchMoviesUITests.swift */ = {isa = PBXFileReference; lastKnownFileType = sourcecode.swift; path = SearchMoviesUITests.swift; sourceTree = "<group>"; };
		6487E46F26AC058300955119 /* Info.plist */ = {isa = PBXFileReference; lastKnownFileType = text.plist.xml; path = Info.plist; sourceTree = "<group>"; };
		64929DA726ADEF8D00C3940B /* HandleResponse.swift */ = {isa = PBXFileReference; lastKnownFileType = sourcecode.swift; path = HandleResponse.swift; sourceTree = "<group>"; };
		64929DAC26ADEFFD00C3940B /* PosterNetworkManager.swift */ = {isa = PBXFileReference; lastKnownFileType = sourcecode.swift; path = PosterNetworkManager.swift; sourceTree = "<group>"; };
		64929DB826ADF0FA00C3940B /* PosterEndPoint.swift */ = {isa = PBXFileReference; lastKnownFileType = sourcecode.swift; path = PosterEndPoint.swift; sourceTree = "<group>"; };
		64D2EFCF26AC71330045521B /* MovieBuilder.swift */ = {isa = PBXFileReference; lastKnownFileType = sourcecode.swift; path = MovieBuilder.swift; sourceTree = "<group>"; };
		64D2EFD426AC73650045521B /* MoviesPresenter.swift */ = {isa = PBXFileReference; lastKnownFileType = sourcecode.swift; path = MoviesPresenter.swift; sourceTree = "<group>"; };
		64D7300C26ADD2E200A82A8F /* Movie.swift */ = {isa = PBXFileReference; lastKnownFileType = sourcecode.swift; path = Movie.swift; sourceTree = "<group>"; };
		64DD439526ADCB570031F1A0 /* MovieEndPoint.swift */ = {isa = PBXFileReference; lastKnownFileType = sourcecode.swift; path = MovieEndPoint.swift; sourceTree = "<group>"; };
/* End PBXFileReference section */

/* Begin PBXFrameworksBuildPhase section */
		6487E44526AC058000955119 /* Frameworks */ = {
			isa = PBXFrameworksBuildPhase;
			buildActionMask = 2147483647;
			files = (
			);
			runOnlyForDeploymentPostprocessing = 0;
		};
		6487E45B26AC058300955119 /* Frameworks */ = {
			isa = PBXFrameworksBuildPhase;
			buildActionMask = 2147483647;
			files = (
			);
			runOnlyForDeploymentPostprocessing = 0;
		};
		6487E46626AC058300955119 /* Frameworks */ = {
			isa = PBXFrameworksBuildPhase;
			buildActionMask = 2147483647;
			files = (
			);
			runOnlyForDeploymentPostprocessing = 0;
		};
/* End PBXFrameworksBuildPhase section */

/* Begin PBXGroup section */
		64066F3726AD57E90055EBF2 /* ServiceLayer */ = {
			isa = PBXGroup;
			children = (
				64D2EFCE26AC711C0045521B /* DI */,
				64066F3826AD57FD0055EBF2 /* NetworkService */,
			);
			path = ServiceLayer;
			sourceTree = "<group>";
		};
		64066F3826AD57FD0055EBF2 /* NetworkService */ = {
			isa = PBXGroup;
			children = (
				64929DB126ADF0BF00C3940B /* Loading Images */,
				64DD439426ADCAA20031F1A0 /* Movie API */,
				64828BFB26AF604300B67CCF /* Networking */,
			);
			path = NetworkService;
			sourceTree = "<group>";
		};
		64066F4426AD5BEB0055EBF2 /* Helpers  */ = {
			isa = PBXGroup;
			children = (
				64066F4526AD5BF10055EBF2 /* NetworkService+Enums.swift */,
				64066F4A26AD5D9E0055EBF2 /* NetworkService+Protocols.swift */,
				64066F4F26AD5DD20055EBF2 /* NetworkService+Typealias.swift */,
				64929DA726ADEF8D00C3940B /* HandleResponse.swift */,
			);
			path = "Helpers ";
			sourceTree = "<group>";
		};
		64066F5A26AD5E7F0055EBF2 /* Encoding */ = {
			isa = PBXGroup;
			children = (
				64066F5B26AD5E8F0055EBF2 /* URLParameterEncoder.swift */,
				64066F6026AD5EAA0055EBF2 /* JSONParameterEncoder.swift */,
			);
			path = Encoding;
			sourceTree = "<group>";
		};
		64066F6526AD5FDB0055EBF2 /* NetworkRouter */ = {
			isa = PBXGroup;
			children = (
				64066F6626AD60010055EBF2 /* NetworkRouter.swift */,
			);
			path = NetworkRouter;
			sourceTree = "<group>";
		};
		6420A31526AF6E6900260B31 /* Card ViewCells */ = {
			isa = PBXGroup;
			children = (
				6464A6DA26AFD42000ABFE8C /* Views */,
				6420A31826AF6E6900260B31 /* Models */,
			);
			path = "Card ViewCells";
			sourceTree = "<group>";
		};
		6420A31826AF6E6900260B31 /* Models */ = {
			isa = PBXGroup;
			children = (
				6420A31926AF6E6900260B31 /* CardViewModel.swift */,
				6420A31A26AF6E6900260B31 /* CardViewWithRatingModel.swift */,
			);
			path = Models;
			sourceTree = "<group>";
		};
		6464345426AC169700A9806F /* Helper */ = {
			isa = PBXGroup;
			children = (
				6464346226AC17DA00A9806F /* Protocols */,
			);
			path = Helper;
			sourceTree = "<group>";
		};
		6464345526AC16A000A9806F /* AppDelegate */ = {
			isa = PBXGroup;
			children = (
				6464345626AC16DD00A9806F /* Support Files */,
				6487E44B26AC058000955119 /* AppDelegate.swift */,
			);
			path = AppDelegate;
			sourceTree = "<group>";
		};
		6464345626AC16DD00A9806F /* Support Files */ = {
			isa = PBXGroup;
			children = (
				6487E45426AC058200955119 /* Assets.xcassets */,
				6487E45626AC058200955119 /* LaunchScreen.storyboard */,
				6487E45926AC058200955119 /* Info.plist */,
			);
			path = "Support Files";
			sourceTree = "<group>";
		};
		6464345D26AC179000A9806F /* Scenes */ = {
			isa = PBXGroup;
			children = (
				6464345E26AC179D00A9806F /* Movies Scene */,
				647A57DE26ACA4460024EA11 /* Detail Movie View  */,
				64D7864F26AC48B80088435C /* Reusable Views */,
			);
			path = Scenes;
			sourceTree = "<group>";
		};
		6464345E26AC179D00A9806F /* Movies Scene */ = {
			isa = PBXGroup;
			children = (
				647A57EC26ACA49A0024EA11 /* Model */,
				64D2EFC926AC70130045521B /* Presenter */,
				64D2EFC526AC700C0045521B /* Views */,
			);
			path = "Movies Scene";
			sourceTree = "<group>";
		};
		6464346226AC17DA00A9806F /* Protocols */ = {
			isa = PBXGroup;
			children = (
				6464346326AC182200A9806F /* IdentifiableClass.swift */,
				641543F926AF6ADA00E8DC2A /* BaseViewControllerProtocol.swift */,
			);
			path = Protocols;
			sourceTree = "<group>";
		};
		6464A6DA26AFD42000ABFE8C /* Views */ = {
			isa = PBXGroup;
			children = (
				6420A31626AF6E6900260B31 /* CardCellAsserts.xcassets */,
				6420A31726AF6E6900260B31 /* CardViewCell.swift */,
				6420A31B26AF6E6900260B31 /* CardViewWithRatingCell.swift */,
			);
			path = Views;
			sourceTree = "<group>";
		};
		646EAA7726AF5D07005FC721 /* Model */ = {
			isa = PBXGroup;
			children = (
				644BEE9E26AE2B8F00C06CBC /* Credits.swift */,
			);
			path = Model;
			sourceTree = "<group>";
		};
		647A57DE26ACA4460024EA11 /* Detail Movie View  */ = {
			isa = PBXGroup;
			children = (
				646EAA7726AF5D07005FC721 /* Model */,
				647A57EB26ACA4930024EA11 /* Presenter */,
				647A57E426ACA4850024EA11 /* Views */,
			);
			path = "Detail Movie View ";
			sourceTree = "<group>";
		};
		647A57E426ACA4850024EA11 /* Views */ = {
			isa = PBXGroup;
			children = (
				647A57DF26ACA47E0024EA11 /* DetailMovieViewController.swift */,
			);
			path = Views;
			sourceTree = "<group>";
		};
		647A57EB26ACA4930024EA11 /* Presenter */ = {
			isa = PBXGroup;
			children = (
				6413397F26AD4C9C00349C89 /* DetailMoviePresenter.swift */,
			);
			path = Presenter;
			sourceTree = "<group>";
		};
		647A57EC26ACA49A0024EA11 /* Model */ = {
			isa = PBXGroup;
			children = (
				64D7300C26ADD2E200A82A8F /* Movie.swift */,
				644BEEA326AE2BA900C06CBC /* MovieApiResponse.swift */,
			);
			path = Model;
			sourceTree = "<group>";
		};
		64828BFB26AF604300B67CCF /* Networking */ = {
			isa = PBXGroup;
			children = (
				64066F6526AD5FDB0055EBF2 /* NetworkRouter */,
				64066F5A26AD5E7F0055EBF2 /* Encoding */,
				64066F4426AD5BEB0055EBF2 /* Helpers  */,
			);
			path = Networking;
			sourceTree = "<group>";
		};
		6487E43F26AC058000955119 = {
			isa = PBXGroup;
			children = (
				6487E44A26AC058000955119 /* SearchMovies */,
				6487E46126AC058300955119 /* SearchMoviesTests */,
				6487E46C26AC058300955119 /* SearchMoviesUITests */,
				6487E44926AC058000955119 /* Products */,
			);
			sourceTree = "<group>";
		};
		6487E44926AC058000955119 /* Products */ = {
			isa = PBXGroup;
			children = (
				6487E44826AC058000955119 /* SearchMovies.app */,
				6487E45E26AC058300955119 /* SearchMoviesTests.xctest */,
				6487E46926AC058300955119 /* SearchMoviesUITests.xctest */,
			);
			name = Products;
			sourceTree = "<group>";
		};
		6487E44A26AC058000955119 /* SearchMovies */ = {
			isa = PBXGroup;
			children = (
				6464345526AC16A000A9806F /* AppDelegate */,
				64066F3726AD57E90055EBF2 /* ServiceLayer */,
				6464345426AC169700A9806F /* Helper */,
				6464345D26AC179000A9806F /* Scenes */,
			);
			path = SearchMovies;
			sourceTree = "<group>";
		};
		6487E46126AC058300955119 /* SearchMoviesTests */ = {
			isa = PBXGroup;
			children = (
				6487E46226AC058300955119 /* SearchMoviesTests.swift */,
				6487E46426AC058300955119 /* Info.plist */,
			);
			path = SearchMoviesTests;
			sourceTree = "<group>";
		};
		6487E46C26AC058300955119 /* SearchMoviesUITests */ = {
			isa = PBXGroup;
			children = (
				6487E46D26AC058300955119 /* SearchMoviesUITests.swift */,
				6487E46F26AC058300955119 /* Info.plist */,
			);
			path = SearchMoviesUITests;
			sourceTree = "<group>";
		};
		64929DB126ADF0BF00C3940B /* Loading Images */ = {
			isa = PBXGroup;
			children = (
				64929DAC26ADEFFD00C3940B /* PosterNetworkManager.swift */,
				64929DB826ADF0FA00C3940B /* PosterEndPoint.swift */,
			);
			path = "Loading Images";
			sourceTree = "<group>";
		};
		64D2EFC526AC700C0045521B /* Views */ = {
			isa = PBXGroup;
			children = (
				6487E44F26AC058000955119 /* MoviesViewController.swift */,
			);
			path = Views;
			sourceTree = "<group>";
		};
		64D2EFC926AC70130045521B /* Presenter */ = {
			isa = PBXGroup;
			children = (
				64D2EFD426AC73650045521B /* MoviesPresenter.swift */,
			);
			path = Presenter;
			sourceTree = "<group>";
		};
		64D2EFCE26AC711C0045521B /* DI */ = {
			isa = PBXGroup;
			children = (
				64D2EFCF26AC71330045521B /* MovieBuilder.swift */,
			);
			path = DI;
			sourceTree = "<group>";
		};
		64D7864F26AC48B80088435C /* Reusable Views */ = {
			isa = PBXGroup;
			children = (
				6420A31526AF6E6900260B31 /* Card ViewCells */,
				645133C226AC21B300D2BC56 /* RatingView.swift */,
			);
			path = "Reusable Views";
			sourceTree = "<group>";
		};
		64DD439426ADCAA20031F1A0 /* Movie API */ = {
			isa = PBXGroup;
			children = (
				64066F3C26AD5B2D0055EBF2 /* MovieNetworkManager.swift */,
				64DD439526ADCB570031F1A0 /* MovieEndPoint.swift */,
				6464A6DE26AFD73700ABFE8C /* MovieNetworkSettings.swift */,
			);
			path = "Movie API";
			sourceTree = "<group>";
		};
/* End PBXGroup section */

/* Begin PBXNativeTarget section */
		6487E44726AC058000955119 /* SearchMovies */ = {
			isa = PBXNativeTarget;
			buildConfigurationList = 6487E47226AC058300955119 /* Build configuration list for PBXNativeTarget "SearchMovies" */;
			buildPhases = (
				6487E44426AC058000955119 /* Sources */,
				6487E44526AC058000955119 /* Frameworks */,
				6487E44626AC058000955119 /* Resources */,
			);
			buildRules = (
			);
			dependencies = (
			);
			name = SearchMovies;
			productName = SearchMovies;
			productReference = 6487E44826AC058000955119 /* SearchMovies.app */;
			productType = "com.apple.product-type.application";
		};
		6487E45D26AC058300955119 /* SearchMoviesTests */ = {
			isa = PBXNativeTarget;
			buildConfigurationList = 6487E47526AC058300955119 /* Build configuration list for PBXNativeTarget "SearchMoviesTests" */;
			buildPhases = (
				6487E45A26AC058300955119 /* Sources */,
				6487E45B26AC058300955119 /* Frameworks */,
				6487E45C26AC058300955119 /* Resources */,
			);
			buildRules = (
			);
			dependencies = (
				6487E46026AC058300955119 /* PBXTargetDependency */,
			);
			name = SearchMoviesTests;
			productName = SearchMoviesTests;
			productReference = 6487E45E26AC058300955119 /* SearchMoviesTests.xctest */;
			productType = "com.apple.product-type.bundle.unit-test";
		};
		6487E46826AC058300955119 /* SearchMoviesUITests */ = {
			isa = PBXNativeTarget;
			buildConfigurationList = 6487E47826AC058300955119 /* Build configuration list for PBXNativeTarget "SearchMoviesUITests" */;
			buildPhases = (
				6487E46526AC058300955119 /* Sources */,
				6487E46626AC058300955119 /* Frameworks */,
				6487E46726AC058300955119 /* Resources */,
			);
			buildRules = (
			);
			dependencies = (
				6487E46B26AC058300955119 /* PBXTargetDependency */,
			);
			name = SearchMoviesUITests;
			productName = SearchMoviesUITests;
			productReference = 6487E46926AC058300955119 /* SearchMoviesUITests.xctest */;
			productType = "com.apple.product-type.bundle.ui-testing";
		};
/* End PBXNativeTarget section */

/* Begin PBXProject section */
		6487E44026AC058000955119 /* Project object */ = {
			isa = PBXProject;
			attributes = {
				LastSwiftUpdateCheck = 1200;
				LastUpgradeCheck = 1200;
				TargetAttributes = {
					6487E44726AC058000955119 = {
						CreatedOnToolsVersion = 12.0;
					};
					6487E45D26AC058300955119 = {
						CreatedOnToolsVersion = 12.0;
						TestTargetID = 6487E44726AC058000955119;
					};
					6487E46826AC058300955119 = {
						CreatedOnToolsVersion = 12.0;
						TestTargetID = 6487E44726AC058000955119;
					};
				};
			};
			buildConfigurationList = 6487E44326AC058000955119 /* Build configuration list for PBXProject "SearchMovies" */;
			compatibilityVersion = "Xcode 9.3";
			developmentRegion = en;
			hasScannedForEncodings = 0;
			knownRegions = (
				en,
				Base,
			);
			mainGroup = 6487E43F26AC058000955119;
			productRefGroup = 6487E44926AC058000955119 /* Products */;
			projectDirPath = "";
			projectRoot = "";
			targets = (
				6487E44726AC058000955119 /* SearchMovies */,
				6487E45D26AC058300955119 /* SearchMoviesTests */,
				6487E46826AC058300955119 /* SearchMoviesUITests */,
			);
		};
/* End PBXProject section */

/* Begin PBXResourcesBuildPhase section */
		6487E44626AC058000955119 /* Resources */ = {
			isa = PBXResourcesBuildPhase;
			buildActionMask = 2147483647;
			files = (
				6487E45826AC058200955119 /* LaunchScreen.storyboard in Resources */,
				6487E45526AC058200955119 /* Assets.xcassets in Resources */,
				6420A31D26AF6E6900260B31 /* CardCellAsserts.xcassets in Resources */,
			);
			runOnlyForDeploymentPostprocessing = 0;
		};
		6487E45C26AC058300955119 /* Resources */ = {
			isa = PBXResourcesBuildPhase;
			buildActionMask = 2147483647;
			files = (
			);
			runOnlyForDeploymentPostprocessing = 0;
		};
		6487E46726AC058300955119 /* Resources */ = {
			isa = PBXResourcesBuildPhase;
			buildActionMask = 2147483647;
			files = (
			);
			runOnlyForDeploymentPostprocessing = 0;
		};
/* End PBXResourcesBuildPhase section */

/* Begin PBXSourcesBuildPhase section */
		6487E44426AC058000955119 /* Sources */ = {
			isa = PBXSourcesBuildPhase;
			buildActionMask = 2147483647;
			files = (
				64D7300D26ADD2E300A82A8F /* Movie.swift in Sources */,
				644BEE9F26AE2B8F00C06CBC /* Credits.swift in Sources */,
				64066F6126AD5EAA0055EBF2 /* JSONParameterEncoder.swift in Sources */,
				6413398026AD4C9C00349C89 /* DetailMoviePresenter.swift in Sources */,
				6464346426AC182200A9806F /* IdentifiableClass.swift in Sources */,
				6487E45026AC058000955119 /* MoviesViewController.swift in Sources */,
				64929DB926ADF0FA00C3940B /* PosterEndPoint.swift in Sources */,
				6420A32126AF6E6900260B31 /* CardViewWithRatingCell.swift in Sources */,
				6420A32026AF6E6900260B31 /* CardViewWithRatingModel.swift in Sources */,
				64D2EFD026AC71330045521B /* MovieBuilder.swift in Sources */,
				64066F3D26AD5B2D0055EBF2 /* MovieNetworkManager.swift in Sources */,
				644BEEA426AE2BA900C06CBC /* MovieApiResponse.swift in Sources */,
				641543FA26AF6ADA00E8DC2A /* BaseViewControllerProtocol.swift in Sources */,
				64066F5026AD5DD20055EBF2 /* NetworkService+Typealias.swift in Sources */,
				64929DAD26ADEFFD00C3940B /* PosterNetworkManager.swift in Sources */,
				647A57E026ACA47E0024EA11 /* DetailMovieViewController.swift in Sources */,
				6464A6DF26AFD73700ABFE8C /* MovieNetworkSettings.swift in Sources */,
				64929DA826ADEF8D00C3940B /* HandleResponse.swift in Sources */,
				64066F5C26AD5E8F0055EBF2 /* URLParameterEncoder.swift in Sources */,
				64066F4B26AD5D9E0055EBF2 /* NetworkService+Protocols.swift in Sources */,
				645133C326AC21B300D2BC56 /* RatingView.swift in Sources */,
				6420A31E26AF6E6900260B31 /* CardViewCell.swift in Sources */,
				6420A31F26AF6E6900260B31 /* CardViewModel.swift in Sources */,
				64066F4626AD5BF10055EBF2 /* NetworkService+Enums.swift in Sources */,
				64D2EFD526AC73650045521B /* MoviesPresenter.swift in Sources */,
				64066F6726AD60010055EBF2 /* NetworkRouter.swift in Sources */,
				6487E44C26AC058000955119 /* AppDelegate.swift in Sources */,
				64DD439626ADCB570031F1A0 /* MovieEndPoint.swift in Sources */,
			);
			runOnlyForDeploymentPostprocessing = 0;
		};
		6487E45A26AC058300955119 /* Sources */ = {
			isa = PBXSourcesBuildPhase;
			buildActionMask = 2147483647;
			files = (
				6487E46326AC058300955119 /* SearchMoviesTests.swift in Sources */,
			);
			runOnlyForDeploymentPostprocessing = 0;
		};
		6487E46526AC058300955119 /* Sources */ = {
			isa = PBXSourcesBuildPhase;
			buildActionMask = 2147483647;
			files = (
				6487E46E26AC058300955119 /* SearchMoviesUITests.swift in Sources */,
			);
			runOnlyForDeploymentPostprocessing = 0;
		};
/* End PBXSourcesBuildPhase section */

/* Begin PBXTargetDependency section */
		6487E46026AC058300955119 /* PBXTargetDependency */ = {
			isa = PBXTargetDependency;
			target = 6487E44726AC058000955119 /* SearchMovies */;
			targetProxy = 6487E45F26AC058300955119 /* PBXContainerItemProxy */;
		};
		6487E46B26AC058300955119 /* PBXTargetDependency */ = {
			isa = PBXTargetDependency;
			target = 6487E44726AC058000955119 /* SearchMovies */;
			targetProxy = 6487E46A26AC058300955119 /* PBXContainerItemProxy */;
		};
/* End PBXTargetDependency section */

/* Begin PBXVariantGroup section */
		6487E45626AC058200955119 /* LaunchScreen.storyboard */ = {
			isa = PBXVariantGroup;
			children = (
				6487E45726AC058200955119 /* Base */,
			);
			name = LaunchScreen.storyboard;
			sourceTree = "<group>";
		};
/* End PBXVariantGroup section */

/* Begin XCBuildConfiguration section */
		6487E47026AC058300955119 /* Debug */ = {
			isa = XCBuildConfiguration;
			buildSettings = {
				ALWAYS_SEARCH_USER_PATHS = NO;
				CLANG_ANALYZER_NONNULL = YES;
				CLANG_ANALYZER_NUMBER_OBJECT_CONVERSION = YES_AGGRESSIVE;
				CLANG_CXX_LANGUAGE_STANDARD = "gnu++14";
				CLANG_CXX_LIBRARY = "libc++";
				CLANG_ENABLE_MODULES = YES;
				CLANG_ENABLE_OBJC_ARC = YES;
				CLANG_ENABLE_OBJC_WEAK = YES;
				CLANG_WARN_BLOCK_CAPTURE_AUTORELEASING = YES;
				CLANG_WARN_BOOL_CONVERSION = YES;
				CLANG_WARN_COMMA = YES;
				CLANG_WARN_CONSTANT_CONVERSION = YES;
				CLANG_WARN_DEPRECATED_OBJC_IMPLEMENTATIONS = YES;
				CLANG_WARN_DIRECT_OBJC_ISA_USAGE = YES_ERROR;
				CLANG_WARN_DOCUMENTATION_COMMENTS = YES;
				CLANG_WARN_EMPTY_BODY = YES;
				CLANG_WARN_ENUM_CONVERSION = YES;
				CLANG_WARN_INFINITE_RECURSION = YES;
				CLANG_WARN_INT_CONVERSION = YES;
				CLANG_WARN_NON_LITERAL_NULL_CONVERSION = YES;
				CLANG_WARN_OBJC_IMPLICIT_RETAIN_SELF = YES;
				CLANG_WARN_OBJC_LITERAL_CONVERSION = YES;
				CLANG_WARN_OBJC_ROOT_CLASS = YES_ERROR;
				CLANG_WARN_QUOTED_INCLUDE_IN_FRAMEWORK_HEADER = YES;
				CLANG_WARN_RANGE_LOOP_ANALYSIS = YES;
				CLANG_WARN_STRICT_PROTOTYPES = YES;
				CLANG_WARN_SUSPICIOUS_MOVE = YES;
				CLANG_WARN_UNGUARDED_AVAILABILITY = YES_AGGRESSIVE;
				CLANG_WARN_UNREACHABLE_CODE = YES;
				CLANG_WARN__DUPLICATE_METHOD_MATCH = YES;
				COPY_PHASE_STRIP = NO;
				DEBUG_INFORMATION_FORMAT = dwarf;
				ENABLE_STRICT_OBJC_MSGSEND = YES;
				ENABLE_TESTABILITY = YES;
				GCC_C_LANGUAGE_STANDARD = gnu11;
				GCC_DYNAMIC_NO_PIC = NO;
				GCC_NO_COMMON_BLOCKS = YES;
				GCC_OPTIMIZATION_LEVEL = 0;
				GCC_PREPROCESSOR_DEFINITIONS = (
					"DEBUG=1",
					"$(inherited)",
				);
				GCC_WARN_64_TO_32_BIT_CONVERSION = YES;
				GCC_WARN_ABOUT_RETURN_TYPE = YES_ERROR;
				GCC_WARN_UNDECLARED_SELECTOR = YES;
				GCC_WARN_UNINITIALIZED_AUTOS = YES_AGGRESSIVE;
				GCC_WARN_UNUSED_FUNCTION = YES;
				GCC_WARN_UNUSED_VARIABLE = YES;
				IPHONEOS_DEPLOYMENT_TARGET = 14.0;
				MTL_ENABLE_DEBUG_INFO = INCLUDE_SOURCE;
				MTL_FAST_MATH = YES;
				ONLY_ACTIVE_ARCH = YES;
				SDKROOT = iphoneos;
				SWIFT_ACTIVE_COMPILATION_CONDITIONS = DEBUG;
				SWIFT_OPTIMIZATION_LEVEL = "-Onone";
			};
			name = Debug;
		};
		6487E47126AC058300955119 /* Release */ = {
			isa = XCBuildConfiguration;
			buildSettings = {
				ALWAYS_SEARCH_USER_PATHS = NO;
				CLANG_ANALYZER_NONNULL = YES;
				CLANG_ANALYZER_NUMBER_OBJECT_CONVERSION = YES_AGGRESSIVE;
				CLANG_CXX_LANGUAGE_STANDARD = "gnu++14";
				CLANG_CXX_LIBRARY = "libc++";
				CLANG_ENABLE_MODULES = YES;
				CLANG_ENABLE_OBJC_ARC = YES;
				CLANG_ENABLE_OBJC_WEAK = YES;
				CLANG_WARN_BLOCK_CAPTURE_AUTORELEASING = YES;
				CLANG_WARN_BOOL_CONVERSION = YES;
				CLANG_WARN_COMMA = YES;
				CLANG_WARN_CONSTANT_CONVERSION = YES;
				CLANG_WARN_DEPRECATED_OBJC_IMPLEMENTATIONS = YES;
				CLANG_WARN_DIRECT_OBJC_ISA_USAGE = YES_ERROR;
				CLANG_WARN_DOCUMENTATION_COMMENTS = YES;
				CLANG_WARN_EMPTY_BODY = YES;
				CLANG_WARN_ENUM_CONVERSION = YES;
				CLANG_WARN_INFINITE_RECURSION = YES;
				CLANG_WARN_INT_CONVERSION = YES;
				CLANG_WARN_NON_LITERAL_NULL_CONVERSION = YES;
				CLANG_WARN_OBJC_IMPLICIT_RETAIN_SELF = YES;
				CLANG_WARN_OBJC_LITERAL_CONVERSION = YES;
				CLANG_WARN_OBJC_ROOT_CLASS = YES_ERROR;
				CLANG_WARN_QUOTED_INCLUDE_IN_FRAMEWORK_HEADER = YES;
				CLANG_WARN_RANGE_LOOP_ANALYSIS = YES;
				CLANG_WARN_STRICT_PROTOTYPES = YES;
				CLANG_WARN_SUSPICIOUS_MOVE = YES;
				CLANG_WARN_UNGUARDED_AVAILABILITY = YES_AGGRESSIVE;
				CLANG_WARN_UNREACHABLE_CODE = YES;
				CLANG_WARN__DUPLICATE_METHOD_MATCH = YES;
				COPY_PHASE_STRIP = NO;
				DEBUG_INFORMATION_FORMAT = "dwarf-with-dsym";
				ENABLE_NS_ASSERTIONS = NO;
				ENABLE_STRICT_OBJC_MSGSEND = YES;
				GCC_C_LANGUAGE_STANDARD = gnu11;
				GCC_NO_COMMON_BLOCKS = YES;
				GCC_WARN_64_TO_32_BIT_CONVERSION = YES;
				GCC_WARN_ABOUT_RETURN_TYPE = YES_ERROR;
				GCC_WARN_UNDECLARED_SELECTOR = YES;
				GCC_WARN_UNINITIALIZED_AUTOS = YES_AGGRESSIVE;
				GCC_WARN_UNUSED_FUNCTION = YES;
				GCC_WARN_UNUSED_VARIABLE = YES;
				IPHONEOS_DEPLOYMENT_TARGET = 14.0;
				MTL_ENABLE_DEBUG_INFO = NO;
				MTL_FAST_MATH = YES;
				SDKROOT = iphoneos;
				SWIFT_COMPILATION_MODE = wholemodule;
				SWIFT_OPTIMIZATION_LEVEL = "-O";
				VALIDATE_PRODUCT = YES;
			};
			name = Release;
		};
		6487E47326AC058300955119 /* Debug */ = {
			isa = XCBuildConfiguration;
			buildSettings = {
				ASSETCATALOG_COMPILER_APPICON_NAME = AppIcon;
				ASSETCATALOG_COMPILER_GLOBAL_ACCENT_COLOR_NAME = AccentColor;
				CODE_SIGN_STYLE = Automatic;
				DEVELOPMENT_TEAM = P626YM5XL2;
				INFOPLIST_FILE = "SearchMovies/AppDelegate/Support Files/Info.plist";
				IPHONEOS_DEPLOYMENT_TARGET = 12.0;
				LD_RUNPATH_SEARCH_PATHS = (
					"$(inherited)",
					"@executable_path/Frameworks",
				);
				PRODUCT_BUNDLE_IDENTIFIER = Arthur.Narimanov.SearchMovies;
				PRODUCT_NAME = "$(TARGET_NAME)";
				SWIFT_VERSION = 5.0;
				TARGETED_DEVICE_FAMILY = "1,2";
			};
			name = Debug;
		};
		6487E47426AC058300955119 /* Release */ = {
			isa = XCBuildConfiguration;
			buildSettings = {
				ASSETCATALOG_COMPILER_APPICON_NAME = AppIcon;
				ASSETCATALOG_COMPILER_GLOBAL_ACCENT_COLOR_NAME = AccentColor;
				CODE_SIGN_STYLE = Automatic;
				DEVELOPMENT_TEAM = P626YM5XL2;
				INFOPLIST_FILE = "SearchMovies/AppDelegate/Support Files/Info.plist";
				IPHONEOS_DEPLOYMENT_TARGET = 12.0;
				LD_RUNPATH_SEARCH_PATHS = (
					"$(inherited)",
					"@executable_path/Frameworks",
				);
				PRODUCT_BUNDLE_IDENTIFIER = Arthur.Narimanov.SearchMovies;
				PRODUCT_NAME = "$(TARGET_NAME)";
				SWIFT_VERSION = 5.0;
				TARGETED_DEVICE_FAMILY = "1,2";
			};
			name = Release;
		};
		6487E47626AC058300955119 /* Debug */ = {
			isa = XCBuildConfiguration;
			buildSettings = {
				ALWAYS_EMBED_SWIFT_STANDARD_LIBRARIES = YES;
				BUNDLE_LOADER = "$(TEST_HOST)";
				CODE_SIGN_STYLE = Automatic;
				DEVELOPMENT_TEAM = P626YM5XL2;
				INFOPLIST_FILE = SearchMoviesTests/Info.plist;
				IPHONEOS_DEPLOYMENT_TARGET = 14.0;
				LD_RUNPATH_SEARCH_PATHS = (
					"$(inherited)",
					"@executable_path/Frameworks",
					"@loader_path/Frameworks",
				);
				PRODUCT_BUNDLE_IDENTIFIER = Arthur.Narimanov.SearchMoviesTests;
				PRODUCT_NAME = "$(TARGET_NAME)";
				SWIFT_VERSION = 5.0;
				TARGETED_DEVICE_FAMILY = "1,2";
				TEST_HOST = "$(BUILT_PRODUCTS_DIR)/SearchMovies.app/SearchMovies";
			};
			name = Debug;
		};
		6487E47726AC058300955119 /* Release */ = {
			isa = XCBuildConfiguration;
			buildSettings = {
				ALWAYS_EMBED_SWIFT_STANDARD_LIBRARIES = YES;
				BUNDLE_LOADER = "$(TEST_HOST)";
				CODE_SIGN_STYLE = Automatic;
				DEVELOPMENT_TEAM = P626YM5XL2;
				INFOPLIST_FILE = SearchMoviesTests/Info.plist;
				IPHONEOS_DEPLOYMENT_TARGET = 14.0;
				LD_RUNPATH_SEARCH_PATHS = (
					"$(inherited)",
					"@executable_path/Frameworks",
					"@loader_path/Frameworks",
				);
				PRODUCT_BUNDLE_IDENTIFIER = Arthur.Narimanov.SearchMoviesTests;
				PRODUCT_NAME = "$(TARGET_NAME)";
				SWIFT_VERSION = 5.0;
				TARGETED_DEVICE_FAMILY = "1,2";
				TEST_HOST = "$(BUILT_PRODUCTS_DIR)/SearchMovies.app/SearchMovies";
			};
			name = Release;
		};
		6487E47926AC058300955119 /* Debug */ = {
			isa = XCBuildConfiguration;
			buildSettings = {
				ALWAYS_EMBED_SWIFT_STANDARD_LIBRARIES = YES;
				CODE_SIGN_STYLE = Automatic;
				DEVELOPMENT_TEAM = P626YM5XL2;
				INFOPLIST_FILE = SearchMoviesUITests/Info.plist;
				LD_RUNPATH_SEARCH_PATHS = (
					"$(inherited)",
					"@executable_path/Frameworks",
					"@loader_path/Frameworks",
				);
				PRODUCT_BUNDLE_IDENTIFIER = Arthur.Narimanov.SearchMoviesUITests;
				PRODUCT_NAME = "$(TARGET_NAME)";
				SWIFT_VERSION = 5.0;
				TARGETED_DEVICE_FAMILY = "1,2";
				TEST_TARGET_NAME = SearchMovies;
			};
			name = Debug;
		};
		6487E47A26AC058300955119 /* Release */ = {
			isa = XCBuildConfiguration;
			buildSettings = {
				ALWAYS_EMBED_SWIFT_STANDARD_LIBRARIES = YES;
				CODE_SIGN_STYLE = Automatic;
				DEVELOPMENT_TEAM = P626YM5XL2;
				INFOPLIST_FILE = SearchMoviesUITests/Info.plist;
				LD_RUNPATH_SEARCH_PATHS = (
					"$(inherited)",
					"@executable_path/Frameworks",
					"@loader_path/Frameworks",
				);
				PRODUCT_BUNDLE_IDENTIFIER = Arthur.Narimanov.SearchMoviesUITests;
				PRODUCT_NAME = "$(TARGET_NAME)";
				SWIFT_VERSION = 5.0;
				TARGETED_DEVICE_FAMILY = "1,2";
				TEST_TARGET_NAME = SearchMovies;
			};
			name = Release;
		};
/* End XCBuildConfiguration section */

/* Begin XCConfigurationList section */
		6487E44326AC058000955119 /* Build configuration list for PBXProject "SearchMovies" */ = {
			isa = XCConfigurationList;
			buildConfigurations = (
				6487E47026AC058300955119 /* Debug */,
				6487E47126AC058300955119 /* Release */,
			);
			defaultConfigurationIsVisible = 0;
			defaultConfigurationName = Release;
		};
		6487E47226AC058300955119 /* Build configuration list for PBXNativeTarget "SearchMovies" */ = {
			isa = XCConfigurationList;
			buildConfigurations = (
				6487E47326AC058300955119 /* Debug */,
				6487E47426AC058300955119 /* Release */,
			);
			defaultConfigurationIsVisible = 0;
			defaultConfigurationName = Release;
		};
		6487E47526AC058300955119 /* Build configuration list for PBXNativeTarget "SearchMoviesTests" */ = {
			isa = XCConfigurationList;
			buildConfigurations = (
				6487E47626AC058300955119 /* Debug */,
				6487E47726AC058300955119 /* Release */,
			);
			defaultConfigurationIsVisible = 0;
			defaultConfigurationName = Release;
		};
		6487E47826AC058300955119 /* Build configuration list for PBXNativeTarget "SearchMoviesUITests" */ = {
			isa = XCConfigurationList;
			buildConfigurations = (
				6487E47926AC058300955119 /* Debug */,
				6487E47A26AC058300955119 /* Release */,
			);
			defaultConfigurationIsVisible = 0;
			defaultConfigurationName = Release;
		};
/* End XCConfigurationList section */
	};
	rootObject = 6487E44026AC058000955119 /* Project object */;
}
